
Microsoft Visual Studio Solution File, Format Version 12.00
Project("{FAE04EC0-301F-11D3-BF4B-00C04F79EFBC}") = "Namezr", "Namezr\Namezr.csproj", "{2FE41219-D427-40B7-9673-D47580541584}"
EndProject
Project("{FAE04EC0-301F-11D3-BF4B-00C04F79EFBC}") = "Namezr.Client", "Namezr.Client\Namezr.Client.csproj", "{1CFAD504-E477-4776-8A87-29DB5EE64CED}"
EndProject
Project("{2150E333-8FDC-42A3-9474-1A3956D46DE8}") = "SolutionItems", "SolutionItems", "{32F57BCF-1329-4C72-953C-5287873C9169}"
	ProjectSection(SolutionItems) = preProject
		Directory.Packages.props = Directory.Packages.props
		README.md = README.md
	EndProjectSection
EndProject
Project("{FAE04EC0-301F-11D3-BF4B-00C04F79EFBC}") = "Namezr.BackendServiceDefaults", "Namezr.BackendServiceDefaults\Namezr.BackendServiceDefaults.csproj", "{B7B446D7-F913-4D17-9E82-B16EE734D8FB}"
EndProject
Project("{FAE04EC0-301F-11D3-BF4B-00C04F79EFBC}") = "Namzer.BlazorPortals", "Namzer.BlazorPortals\Namzer.BlazorPortals.csproj", "{457BC885-D087-477B-B8F3-8ACD8BAF6FB2}"
EndProject
Global
	GlobalSection(SolutionConfigurationPlatforms) = preSolution
		Debug|Any CPU = Debug|Any CPU
		Release|Any CPU = Release|Any CPU
	EndGlobalSection
	GlobalSection(ProjectConfigurationPlatforms) = postSolution
		{2FE41219-D427-40B7-9673-D47580541584}.Debug|Any CPU.ActiveCfg = Debug|Any CPU
		{2FE41219-D427-40B7-9673-D47580541584}.Debug|Any CPU.Build.0 = Debug|Any CPU
		{2FE41219-D427-40B7-9673-D47580541584}.Release|Any CPU.ActiveCfg = Release|Any CPU
		{2FE41219-D427-40B7-9673-D47580541584}.Release|Any CPU.Build.0 = Release|Any CPU
		{1CFAD504-E477-4776-8A87-29DB5EE64CED}.Debug|Any CPU.ActiveCfg = Debug|Any CPU
		{1CFAD504-E477-4776-8A87-29DB5EE64CED}.Debug|Any CPU.Build.0 = Debug|Any CPU
		{1CFAD504-E477-4776-8A87-29DB5EE64CED}.Release|Any CPU.ActiveCfg = Release|Any CPU
		{1CFAD504-E477-4776-8A87-29DB5EE64CED}.Release|Any CPU.Build.0 = Release|Any CPU
		{B7B446D7-F913-4D17-9E82-B16EE734D8FB}.Debug|Any CPU.ActiveCfg = Debug|Any CPU
		{B7B446D7-F913-4D17-9E82-B16EE734D8FB}.Debug|Any CPU.Build.0 = Debug|Any CPU
		{B7B446D7-F913-4D17-9E82-B16EE734D8FB}.Release|Any CPU.ActiveCfg = Release|Any CPU
		{B7B446D7-F913-4D17-9E82-B16EE734D8FB}.Release|Any CPU.Build.0 = Release|Any CPU
		{457BC885-D087-477B-B8F3-8ACD8BAF6FB2}.Debug|Any CPU.ActiveCfg = Debug|Any CPU
		{457BC885-D087-477B-B8F3-8ACD8BAF6FB2}.Debug|Any CPU.Build.0 = Debug|Any CPU
		{457BC885-D087-477B-B8F3-8ACD8BAF6FB2}.Release|Any CPU.ActiveCfg = Release|Any CPU
		{457BC885-D087-477B-B8F3-8ACD8BAF6FB2}.Release|Any CPU.Build.0 = Release|Any CPU
	EndGlobalSection
EndGlobal
